{
  "object": {
    "pins": [
      {
        "package": "BigInt",
        "repositoryURL": "https://github.com/attaswift/BigInt.git",
        "state": {
          "branch": null,
          "revision": "889a1ecacd73ccc189c5cb29288048f186c44ed9",
          "version": "5.2.1"
        }
      }
    ]
  },
  "version": 1
}
